{
  "originHash" : "b06a4b45ca3528264db85c7e7294bdc937c3a9f3ed5fafc61dcc6be5264a120d",
  "pins" : [
    {
      "identity" : "amtrak",
      "kind" : "remoteSourceControl",
      "location" : "https://github.com/rustle/Amtrak.git",
      "state" : {
        "revision" : "5edfcf5ff8a8cca18a66294ca372f3ec48a301bb",
        "version" : "0.1.0"
      }
    },
    {
      "identity" : "grdb.swift",
      "kind" : "remoteSourceControl",
      "location" : "https://github.com/groue/GRDB.swift.git",
      "state" : {
        "revision" : "36e30a6f1ef10e4194f6af0cff90888526f0c115",
        "version" : "7.10.0"
      }
    },
    {
      "identity" : "swiftconcurrencyserialqueue",
      "kind" : "remoteSourceControl",
      "location" : "https://github.com/rustle/SwiftConcurrencySerialQueue.git",
      "state" : {
        "revision" : "15f75527aca7eea6ebc67ac64dc25da2fac0b70e",
        "version" : "0.2.0"
      }
    }
  ],
  "version" : 3
}
